
Microsoft Visual Studio Solution File, Format Version 12.00
# Visual Studio Version 17
VisualStudioVersion = 17.0.31903.59
MinimumVisualStudioVersion = 10.0.40219.1
Project("{FAE04EC0-301F-11D3-BF4B-00C04F79EFBC}") = "5S_OS_C_WinForms", "5S_OS_C_WinForms\5S_OS_C_WinForms.csproj", "{476AACE5-8FB7-421A-89A8-F046ABBEC2CA}"
EndProject
Global
	GlobalSection(SolutionConfigurationPlatforms) = preSolution
		Debug|Any CPU = Debug|Any CPU
		Release|Any CPU = Release|Any CPU
	EndGlobalSection
	GlobalSection(ProjectConfigurationPlatforms) = postSolution
		{476AACE5-8FB7-421A-89A8-F046ABBEC2CA}.Debug|Any CPU.ActiveCfg = Debug|Any CPU
		{476AACE5-8FB7-421A-89A8-F046ABBEC2CA}.Debug|Any CPU.Build.0 = Debug|Any CPU
		{476AACE5-8FB7-421A-89A8-F046ABBEC2CA}.Release|Any CPU.ActiveCfg = Release|Any CPU
		{476AACE5-8FB7-421A-89A8-F046ABBEC2CA}.Release|Any CPU.Build.0 = Release|Any CPU
	EndGlobalSection
	GlobalSection(SolutionProperties) = preSolution
		HideSolutionNode = FALSE
	EndGlobalSection
	GlobalSection(ExtensibilityGlobals) = postSolution
		SolutionGuid = {0719C2B9-5E24-46C8-BBFF-4C719AA3EF26}
	EndGlobalSection
EndGlobal
